
Microsoft Visual Studio Solution File, Format Version 12.00
# Visual Studio Version 17
VisualStudioVersion = 17.8.34511.84
MinimumVisualStudioVersion = 10.0.40219.1
Project("{FAE04EC0-301F-11D3-BF4B-00C04F79EFBC}") = "ChatApp", "ChatApp\ChatApp.csproj", "{9AF0B221-E23C-4E3F-9E72-FE9056870F4C}"
EndProject
Global
	GlobalSection(SolutionConfigurationPlatforms) = preSolution
		Debug|Any CPU = Debug|Any CPU
		Release|Any CPU = Release|Any CPU
	EndGlobalSection
	GlobalSection(ProjectConfigurationPlatforms) = postSolution
		{9AF0B221-E23C-4E3F-9E72-FE9056870F4C}.Debug|Any CPU.ActiveCfg = Debug|Any CPU
		{9AF0B221-E23C-4E3F-9E72-FE9056870F4C}.Debug|Any CPU.Build.0 = Debug|Any CPU
		{9AF0B221-E23C-4E3F-9E72-FE9056870F4C}.Release|Any CPU.ActiveCfg = Release|Any CPU
		{9AF0B221-E23C-4E3F-9E72-FE9056870F4C}.Release|Any CPU.Build.0 = Release|Any CPU
	EndGlobalSection
	GlobalSection(SolutionProperties) = preSolution
		HideSolutionNode = FALSE
	EndGlobalSection
	GlobalSection(ExtensibilityGlobals) = postSolution
		SolutionGuid = {34091357-B0DA-4024-A161-C2FBB7D34FFC}
	EndGlobalSection
EndGlobal
